// !$*UTF8*$!
{
	archiveVersion = 1;
	classes = {
	};
	objectVersion = 56;
	objects = {

/* Begin PBXBuildFile section */
		694869572B3A7B020058FC8C /* RoshamboApp.swift in Sources */ = {isa = PBXBuildFile; fileRef = 694869562B3A7B020058FC8C /* RoshamboApp.swift */; };
		694869592B3A7B020058FC8C /* RPSView.swift in Sources */ = {isa = PBXBuildFile; fileRef = 694869582B3A7B020058FC8C /* RPSView.swift */; };
		6948695B2B3A7B030058FC8C /* Assets.xcassets in Resources */ = {isa = PBXBuildFile; fileRef = 6948695A2B3A7B030058FC8C /* Assets.xcassets */; };
		6948695E2B3A7B030058FC8C /* Preview Assets.xcassets in Resources */ = {isa = PBXBuildFile; fileRef = 6948695D2B3A7B030058FC8C /* Preview Assets.xcassets */; };
		694869682B3A7B040058FC8C /* RoshamboTests.swift in Sources */ = {isa = PBXBuildFile; fileRef = 694869672B3A7B040058FC8C /* RoshamboTests.swift */; };
		694869722B3A7B040058FC8C /* RoshamboUITests.swift in Sources */ = {isa = PBXBuildFile; fileRef = 694869712B3A7B040058FC8C /* RoshamboUITests.swift */; };
		694869742B3A7B040058FC8C /* RoshamboUITestsLaunchTests.swift in Sources */ = {isa = PBXBuildFile; fileRef = 694869732B3A7B040058FC8C /* RoshamboUITestsLaunchTests.swift */; };
		694869812B3A7E1B0058FC8C /* ResultView.swift in Sources */ = {isa = PBXBuildFile; fileRef = 694869802B3A7E1B0058FC8C /* ResultView.swift */; };
		694869832B3A7EFF0058FC8C /* RPS.swift in Sources */ = {isa = PBXBuildFile; fileRef = 694869822B3A7EFF0058FC8C /* RPS.swift */; };
		694869852B3A80780058FC8C /* RPSMatch.swift in Sources */ = {isa = PBXBuildFile; fileRef = 694869842B3A80780058FC8C /* RPSMatch.swift */; };
/* End PBXBuildFile section */

/* Begin PBXContainerItemProxy section */
		694869642B3A7B040058FC8C /* PBXContainerItemProxy */ = {
			isa = PBXContainerItemProxy;
			containerPortal = 6948694B2B3A7B020058FC8C /* Project object */;
			proxyType = 1;
			remoteGlobalIDString = 694869522B3A7B020058FC8C;
			remoteInfo = Roshambo;
		};
		6948696E2B3A7B040058FC8C /* PBXContainerItemProxy */ = {
			isa = PBXContainerItemProxy;
			containerPortal = 6948694B2B3A7B020058FC8C /* Project object */;
			proxyType = 1;
			remoteGlobalIDString = 694869522B3A7B020058FC8C;
			remoteInfo = Roshambo;
		};
/* End PBXContainerItemProxy section */

/* Begin PBXFileReference section */
		694869532B3A7B020058FC8C /* Roshambo.app */ = {isa = PBXFileReference; explicitFileType = wrapper.application; includeInIndex = 0; path = Roshambo.app; sourceTree = BUILT_PRODUCTS_DIR; };
		694869562B3A7B020058FC8C /* RoshamboApp.swift */ = {isa = PBXFileReference; lastKnownFileType = sourcecode.swift; path = RoshamboApp.swift; sourceTree = "<group>"; };
		694869582B3A7B020058FC8C /* RPSView.swift */ = {isa = PBXFileReference; lastKnownFileType = sourcecode.swift; path = RPSView.swift; sourceTree = "<group>"; };
		6948695A2B3A7B030058FC8C /* Assets.xcassets */ = {isa = PBXFileReference; lastKnownFileType = folder.assetcatalog; path = Assets.xcassets; sourceTree = "<group>"; };
		6948695D2B3A7B030058FC8C /* Preview Assets.xcassets */ = {isa = PBXFileReference; lastKnownFileType = folder.assetcatalog; path = "Preview Assets.xcassets"; sourceTree = "<group>"; };
		694869632B3A7B040058FC8C /* RoshamboTests.xctest */ = {isa = PBXFileReference; explicitFileType = wrapper.cfbundle; includeInIndex = 0; path = RoshamboTests.xctest; sourceTree = BUILT_PRODUCTS_DIR; };
		694869672B3A7B040058FC8C /* RoshamboTests.swift */ = {isa = PBXFileReference; lastKnownFileType = sourcecode.swift; path = RoshamboTests.swift; sourceTree = "<group>"; };
		6948696D2B3A7B040058FC8C /* RoshamboUITests.xctest */ = {isa = PBXFileReference; explicitFileType = wrapper.cfbundle; includeInIndex = 0; path = RoshamboUITests.xctest; sourceTree = BUILT_PRODUCTS_DIR; };
		694869712B3A7B040058FC8C /* RoshamboUITests.swift */ = {isa = PBXFileReference; lastKnownFileType = sourcecode.swift; path = RoshamboUITests.swift; sourceTree = "<group>"; };
		694869732B3A7B040058FC8C /* RoshamboUITestsLaunchTests.swift */ = {isa = PBXFileReference; lastKnownFileType = sourcecode.swift; path = RoshamboUITestsLaunchTests.swift; sourceTree = "<group>"; };
		694869802B3A7E1B0058FC8C /* ResultView.swift */ = {isa = PBXFileReference; lastKnownFileType = sourcecode.swift; path = ResultView.swift; sourceTree = "<group>"; };
		694869822B3A7EFF0058FC8C /* RPS.swift */ = {isa = PBXFileReference; fileEncoding = 4; lastKnownFileType = sourcecode.swift; path = RPS.swift; sourceTree = "<group>"; };
		694869842B3A80780058FC8C /* RPSMatch.swift */ = {isa = PBXFileReference; fileEncoding = 4; lastKnownFileType = sourcecode.swift; path = RPSMatch.swift; sourceTree = "<group>"; };
/* End PBXFileReference section */

/* Begin PBXFrameworksBuildPhase section */
		694869502B3A7B020058FC8C /* Frameworks */ = {
			isa = PBXFrameworksBuildPhase;
			buildActionMask = 2147483647;
			files = (
			);
			runOnlyForDeploymentPostprocessing = 0;
		};
		694869602B3A7B040058FC8C /* Frameworks */ = {
			isa = PBXFrameworksBuildPhase;
			buildActionMask = 2147483647;
			files = (
			);
			runOnlyForDeploymentPostprocessing = 0;
		};
		6948696A2B3A7B040058FC8C /* Frameworks */ = {
			isa = PBXFrameworksBuildPhase;
			buildActionMask = 2147483647;
			files = (
			);
			runOnlyForDeploymentPostprocessing = 0;
		};
/* End PBXFrameworksBuildPhase section */

/* Begin PBXGroup section */
		6948694A2B3A7B020058FC8C = {
			isa = PBXGroup;
			children = (
				694869552B3A7B020058FC8C /* Roshambo */,
				694869662B3A7B040058FC8C /* RoshamboTests */,
				694869702B3A7B040058FC8C /* RoshamboUITests */,
				694869542B3A7B020058FC8C /* Products */,
			);
			sourceTree = "<group>";
		};
		694869542B3A7B020058FC8C /* Products */ = {
			isa = PBXGroup;
			children = (
				694869532B3A7B020058FC8C /* Roshambo.app */,
				694869632B3A7B040058FC8C /* RoshamboTests.xctest */,
				6948696D2B3A7B040058FC8C /* RoshamboUITests.xctest */,
			);
			name = Products;
			sourceTree = "<group>";
		};
		694869552B3A7B020058FC8C /* Roshambo */ = {
			isa = PBXGroup;
			children = (
				694869842B3A80780058FC8C /* RPSMatch.swift */,
				694869822B3A7EFF0058FC8C /* RPS.swift */,
				694869562B3A7B020058FC8C /* RoshamboApp.swift */,
				694869582B3A7B020058FC8C /* RPSView.swift */,
				6948695A2B3A7B030058FC8C /* Assets.xcassets */,
				6948695C2B3A7B030058FC8C /* Preview Content */,
				694869802B3A7E1B0058FC8C /* ResultView.swift */,
			);
			path = Roshambo;
			sourceTree = "<group>";
		};
		6948695C2B3A7B030058FC8C /* Preview Content */ = {
			isa = PBXGroup;
			children = (
				6948695D2B3A7B030058FC8C /* Preview Assets.xcassets */,
			);
			path = "Preview Content";
			sourceTree = "<group>";
		};
		694869662B3A7B040058FC8C /* RoshamboTests */ = {
			isa = PBXGroup;
			children = (
				694869672B3A7B040058FC8C /* RoshamboTests.swift */,
			);
			path = RoshamboTests;
			sourceTree = "<group>";
		};
		694869702B3A7B040058FC8C /* RoshamboUITests */ = {
			isa = PBXGroup;
			children = (
				694869712B3A7B040058FC8C /* RoshamboUITests.swift */,
				694869732B3A7B040058FC8C /* RoshamboUITestsLaunchTests.swift */,
			);
			path = RoshamboUITests;
			sourceTree = "<group>";
		};
/* End PBXGroup section */

/* Begin PBXNativeTarget section */
		694869522B3A7B020058FC8C /* Roshambo */ = {
			isa = PBXNativeTarget;
			buildConfigurationList = 694869772B3A7B040058FC8C /* Build configuration list for PBXNativeTarget "Roshambo" */;
			buildPhases = (
				6948694F2B3A7B020058FC8C /* Sources */,
				694869502B3A7B020058FC8C /* Frameworks */,
				694869512B3A7B020058FC8C /* Resources */,
			);
			buildRules = (
			);
			dependencies = (
			);
			name = Roshambo;
			productName = Roshambo;
			productReference = 694869532B3A7B020058FC8C /* Roshambo.app */;
			productType = "com.apple.product-type.application";
		};
		694869622B3A7B040058FC8C /* RoshamboTests */ = {
			isa = PBXNativeTarget;
			buildConfigurationList = 6948697A2B3A7B040058FC8C /* Build configuration list for PBXNativeTarget "RoshamboTests" */;
			buildPhases = (
				6948695F2B3A7B040058FC8C /* Sources */,
				694869602B3A7B040058FC8C /* Frameworks */,
				694869612B3A7B040058FC8C /* Resources */,
			);
			buildRules = (
			);
			dependencies = (
				694869652B3A7B040058FC8C /* PBXTargetDependency */,
			);
			name = RoshamboTests;
			productName = RoshamboTests;
			productReference = 694869632B3A7B040058FC8C /* RoshamboTests.xctest */;
			productType = "com.apple.product-type.bundle.unit-test";
		};
		6948696C2B3A7B040058FC8C /* RoshamboUITests */ = {
			isa = PBXNativeTarget;
			buildConfigurationList = 6948697D2B3A7B040058FC8C /* Build configuration list for PBXNativeTarget "RoshamboUITests" */;
			buildPhases = (
				694869692B3A7B040058FC8C /* Sources */,
				6948696A2B3A7B040058FC8C /* Frameworks */,
				6948696B2B3A7B040058FC8C /* Resources */,
			);
			buildRules = (
			);
			dependencies = (
				6948696F2B3A7B040058FC8C /* PBXTargetDependency */,
			);
			name = RoshamboUITests;
			productName = RoshamboUITests;
			productReference = 6948696D2B3A7B040058FC8C /* RoshamboUITests.xctest */;
			productType = "com.apple.product-type.bundle.ui-testing";
		};
/* End PBXNativeTarget section */

/* Begin PBXProject section */
		6948694B2B3A7B020058FC8C /* Project object */ = {
			isa = PBXProject;
			attributes = {
				BuildIndependentTargetsInParallel = 1;
				LastSwiftUpdateCheck = 1510;
				LastUpgradeCheck = 1510;
				TargetAttributes = {
					694869522B3A7B020058FC8C = {
						CreatedOnToolsVersion = 15.1;
					};
					694869622B3A7B040058FC8C = {
						CreatedOnToolsVersion = 15.1;
						TestTargetID = 694869522B3A7B020058FC8C;
					};
					6948696C2B3A7B040058FC8C = {
						CreatedOnToolsVersion = 15.1;
						TestTargetID = 694869522B3A7B020058FC8C;
					};
				};
			};
			buildConfigurationList = 6948694E2B3A7B020058FC8C /* Build configuration list for PBXProject "Roshambo" */;
			compatibilityVersion = "Xcode 14.0";
			developmentRegion = en;
			hasScannedForEncodings = 0;
			knownRegions = (
				en,
				Base,
			);
			mainGroup = 6948694A2B3A7B020058FC8C;
			productRefGroup = 694869542B3A7B020058FC8C /* Products */;
			projectDirPath = "";
			projectRoot = "";
			targets = (
				694869522B3A7B020058FC8C /* Roshambo */,
				694869622B3A7B040058FC8C /* RoshamboTests */,
				6948696C2B3A7B040058FC8C /* RoshamboUITests */,
			);
		};
/* End PBXProject section */

/* Begin PBXResourcesBuildPhase section */
		694869512B3A7B020058FC8C /* Resources */ = {
			isa = PBXResourcesBuildPhase;
			buildActionMask = 2147483647;
			files = (
				6948695E2B3A7B030058FC8C /* Preview Assets.xcassets in Resources */,
				6948695B2B3A7B030058FC8C /* Assets.xcassets in Resources */,
			);
			runOnlyForDeploymentPostprocessing = 0;
		};
		694869612B3A7B040058FC8C /* Resources */ = {
			isa = PBXResourcesBuildPhase;
			buildActionMask = 2147483647;
			files = (
			);
			runOnlyForDeploymentPostprocessing = 0;
		};
		6948696B2B3A7B040058FC8C /* Resources */ = {
			isa = PBXResourcesBuildPhase;
			buildActionMask = 2147483647;
			files = (
			);
			runOnlyForDeploymentPostprocessing = 0;
		};
/* End PBXResourcesBuildPhase section */

/* Begin PBXSourcesBuildPhase section */
		6948694F2B3A7B020058FC8C /* Sources */ = {
			isa = PBXSourcesBuildPhase;
			buildActionMask = 2147483647;
			files = (
				694869812B3A7E1B0058FC8C /* ResultView.swift in Sources */,
				694869832B3A7EFF0058FC8C /* RPS.swift in Sources */,
				694869592B3A7B020058FC8C /* RPSView.swift in Sources */,
				694869572B3A7B020058FC8C /* RoshamboApp.swift in Sources */,
				694869852B3A80780058FC8C /* RPSMatch.swift in Sources */,
			);
			runOnlyForDeploymentPostprocessing = 0;
		};
		6948695F2B3A7B040058FC8C /* Sources */ = {
			isa = PBXSourcesBuildPhase;
			buildActionMask = 2147483647;
			files = (
				694869682B3A7B040058FC8C /* RoshamboTests.swift in Sources */,
			);
			runOnlyForDeploymentPostprocessing = 0;
		};
		694869692B3A7B040058FC8C /* Sources */ = {
			isa = PBXSourcesBuildPhase;
			buildActionMask = 2147483647;
			files = (
				694869742B3A7B040058FC8C /* RoshamboUITestsLaunchTests.swift in Sources */,
				694869722B3A7B040058FC8C /* RoshamboUITests.swift in Sources */,
			);
			runOnlyForDeploymentPostprocessing = 0;
		};
/* End PBXSourcesBuildPhase section */

/* Begin PBXTargetDependency section */
		694869652B3A7B040058FC8C /* PBXTargetDependency */ = {
			isa = PBXTargetDependency;
			target = 694869522B3A7B020058FC8C /* Roshambo */;
			targetProxy = 694869642B3A7B040058FC8C /* PBXContainerItemProxy */;
		};
		6948696F2B3A7B040058FC8C /* PBXTargetDependency */ = {
			isa = PBXTargetDependency;
			target = 694869522B3A7B020058FC8C /* Roshambo */;
			targetProxy = 6948696E2B3A7B040058FC8C /* PBXContainerItemProxy */;
		};
/* End PBXTargetDependency section */

/* Begin XCBuildConfiguration section */
		694869752B3A7B040058FC8C /* Debug */ = {
			isa = XCBuildConfiguration;
			buildSettings = {
				ALWAYS_SEARCH_USER_PATHS = NO;
				ASSETCATALOG_COMPILER_GENERATE_SWIFT_ASSET_SYMBOL_EXTENSIONS = YES;
				CLANG_ANALYZER_NONNULL = YES;
				CLANG_ANALYZER_NUMBER_OBJECT_CONVERSION = YES_AGGRESSIVE;
				CLANG_CXX_LANGUAGE_STANDARD = "gnu++20";
				CLANG_ENABLE_MODULES = YES;
				CLANG_ENABLE_OBJC_ARC = YES;
				CLANG_ENABLE_OBJC_WEAK = YES;
				CLANG_WARN_BLOCK_CAPTURE_AUTORELEASING = YES;
				CLANG_WARN_BOOL_CONVERSION = YES;
				CLANG_WARN_COMMA = YES;
				CLANG_WARN_CONSTANT_CONVERSION = YES;
				CLANG_WARN_DEPRECATED_OBJC_IMPLEMENTATIONS = YES;
				CLANG_WARN_DIRECT_OBJC_ISA_USAGE = YES_ERROR;
				CLANG_WARN_DOCUMENTATION_COMMENTS = YES;
				CLANG_WARN_EMPTY_BODY = YES;
				CLANG_WARN_ENUM_CONVERSION = YES;
				CLANG_WARN_INFINITE_RECURSION = YES;
				CLANG_WARN_INT_CONVERSION = YES;
				CLANG_WARN_NON_LITERAL_NULL_CONVERSION = YES;
				CLANG_WARN_OBJC_IMPLICIT_RETAIN_SELF = YES;
				CLANG_WARN_OBJC_LITERAL_CONVERSION = YES;
				CLANG_WARN_OBJC_ROOT_CLASS = YES_ERROR;
				CLANG_WARN_QUOTED_INCLUDE_IN_FRAMEWORK_HEADER = YES;
				CLANG_WARN_RANGE_LOOP_ANALYSIS = YES;
				CLANG_WARN_STRICT_PROTOTYPES = YES;
				CLANG_WARN_SUSPICIOUS_MOVE = YES;
				CLANG_WARN_UNGUARDED_AVAILABILITY = YES_AGGRESSIVE;
				CLANG_WARN_UNREACHABLE_CODE = YES;
				CLANG_WARN__DUPLICATE_METHOD_MATCH = YES;
				COPY_PHASE_STRIP = NO;
				DEBUG_INFORMATION_FORMAT = dwarf;
				ENABLE_STRICT_OBJC_MSGSEND = YES;
				ENABLE_TESTABILITY = YES;
				ENABLE_USER_SCRIPT_SANDBOXING = YES;
				GCC_C_LANGUAGE_STANDARD = gnu17;
				GCC_DYNAMIC_NO_PIC = NO;
				GCC_NO_COMMON_BLOCKS = YES;
				GCC_OPTIMIZATION_LEVEL = 0;
				GCC_PREPROCESSOR_DEFINITIONS = (
					"DEBUG=1",
					"$(inherited)",
				);
				GCC_WARN_64_TO_32_BIT_CONVERSION = YES;
				GCC_WARN_ABOUT_RETURN_TYPE = YES_ERROR;
				GCC_WARN_UNDECLARED_SELECTOR = YES;
				GCC_WARN_UNINITIALIZED_AUTOS = YES_AGGRESSIVE;
				GCC_WARN_UNUSED_FUNCTION = YES;
				GCC_WARN_UNUSED_VARIABLE = YES;
				IPHONEOS_DEPLOYMENT_TARGET = 17.2;
				LOCALIZATION_PREFERS_STRING_CATALOGS = YES;
				MTL_ENABLE_DEBUG_INFO = INCLUDE_SOURCE;
				MTL_FAST_MATH = YES;
				ONLY_ACTIVE_ARCH = YES;
				SDKROOT = iphoneos;
				SWIFT_ACTIVE_COMPILATION_CONDITIONS = "DEBUG $(inherited)";
				SWIFT_OPTIMIZATION_LEVEL = "-Onone";
			};
			name = Debug;
		};
		694869762B3A7B040058FC8C /* Release */ = {
			isa = XCBuildConfiguration;
			buildSettings = {
				ALWAYS_SEARCH_USER_PATHS = NO;
				ASSETCATALOG_COMPILER_GENERATE_SWIFT_ASSET_SYMBOL_EXTENSIONS = YES;
				CLANG_ANALYZER_NONNULL = YES;
				CLANG_ANALYZER_NUMBER_OBJECT_CONVERSION = YES_AGGRESSIVE;
				CLANG_CXX_LANGUAGE_STANDARD = "gnu++20";
				CLANG_ENABLE_MODULES = YES;
				CLANG_ENABLE_OBJC_ARC = YES;
				CLANG_ENABLE_OBJC_WEAK = YES;
				CLANG_WARN_BLOCK_CAPTURE_AUTORELEASING = YES;
				CLANG_WARN_BOOL_CONVERSION = YES;
				CLANG_WARN_COMMA = YES;
				CLANG_WARN_CONSTANT_CONVERSION = YES;
				CLANG_WARN_DEPRECATED_OBJC_IMPLEMENTATIONS = YES;
				CLANG_WARN_DIRECT_OBJC_ISA_USAGE = YES_ERROR;
				CLANG_WARN_DOCUMENTATION_COMMENTS = YES;
				CLANG_WARN_EMPTY_BODY = YES;
				CLANG_WARN_ENUM_CONVERSION = YES;
				CLANG_WARN_INFINITE_RECURSION = YES;
				CLANG_WARN_INT_CONVERSION = YES;
				CLANG_WARN_NON_LITERAL_NULL_CONVERSION = YES;
				CLANG_WARN_OBJC_IMPLICIT_RETAIN_SELF = YES;
				CLANG_WARN_OBJC_LITERAL_CONVERSION = YES;
				CLANG_WARN_OBJC_ROOT_CLASS = YES_ERROR;
				CLANG_WARN_QUOTED_INCLUDE_IN_FRAMEWORK_HEADER = YES;
				CLANG_WARN_RANGE_LOOP_ANALYSIS = YES;
				CLANG_WARN_STRICT_PROTOTYPES = YES;
				CLANG_WARN_SUSPICIOUS_MOVE = YES;
				CLANG_WARN_UNGUARDED_AVAILABILITY = YES_AGGRESSIVE;
				CLANG_WARN_UNREACHABLE_CODE = YES;
				CLANG_WARN__DUPLICATE_METHOD_MATCH = YES;
				COPY_PHASE_STRIP = NO;
				DEBUG_INFORMATION_FORMAT = "dwarf-with-dsym";
				ENABLE_NS_ASSERTIONS = NO;
				ENABLE_STRICT_OBJC_MSGSEND = YES;
				ENABLE_USER_SCRIPT_SANDBOXING = YES;
				GCC_C_LANGUAGE_STANDARD = gnu17;
				GCC_NO_COMMON_BLOCKS = YES;
				GCC_WARN_64_TO_32_BIT_CONVERSION = YES;
				GCC_WARN_ABOUT_RETURN_TYPE = YES_ERROR;
				GCC_WARN_UNDECLARED_SELECTOR = YES;
				GCC_WARN_UNINITIALIZED_AUTOS = YES_AGGRESSIVE;
				GCC_WARN_UNUSED_FUNCTION = YES;
				GCC_WARN_UNUSED_VARIABLE = YES;
				IPHONEOS_DEPLOYMENT_TARGET = 17.2;
				LOCALIZATION_PREFERS_STRING_CATALOGS = YES;
				MTL_ENABLE_DEBUG_INFO = NO;
				MTL_FAST_MATH = YES;
				SDKROOT = iphoneos;
				SWIFT_COMPILATION_MODE = wholemodule;
				VALIDATE_PRODUCT = YES;
			};
			name = Release;
		};
		694869782B3A7B040058FC8C /* Debug */ = {
			isa = XCBuildConfiguration;
			buildSettings = {
				ASSETCATALOG_COMPILER_APPICON_NAME = AppIcon;
				ASSETCATALOG_COMPILER_GLOBAL_ACCENT_COLOR_NAME = AccentColor;
				CODE_SIGN_STYLE = Automatic;
				CURRENT_PROJECT_VERSION = 1;
				DEVELOPMENT_ASSET_PATHS = "\"Roshambo/Preview Content\"";
				DEVELOPMENT_TEAM = 95HZ6ANQ29;
				ENABLE_PREVIEWS = YES;
				GENERATE_INFOPLIST_FILE = YES;
				INFOPLIST_KEY_UIApplicationSceneManifest_Generation = YES;
				INFOPLIST_KEY_UIApplicationSupportsIndirectInputEvents = YES;
				INFOPLIST_KEY_UILaunchScreen_Generation = YES;
				INFOPLIST_KEY_UISupportedInterfaceOrientations_iPad = "UIInterfaceOrientationPortrait UIInterfaceOrientationPortraitUpsideDown UIInterfaceOrientationLandscapeLeft UIInterfaceOrientationLandscapeRight";
				INFOPLIST_KEY_UISupportedInterfaceOrientations_iPhone = "UIInterfaceOrientationPortrait UIInterfaceOrientationLandscapeLeft UIInterfaceOrientationLandscapeRight";
				LD_RUNPATH_SEARCH_PATHS = (
					"$(inherited)",
					"@executable_path/Frameworks",
				);
				MARKETING_VERSION = 1.0;
				PRODUCT_BUNDLE_IDENTIFIER = com.lucasnpc.Roshambo;
				PRODUCT_NAME = "$(TARGET_NAME)";
				SWIFT_EMIT_LOC_STRINGS = YES;
				SWIFT_VERSION = 5.0;
				TARGETED_DEVICE_FAMILY = "1,2";
			};
			name = Debug;
		};
		694869792B3A7B040058FC8C /* Release */ = {
			isa = XCBuildConfiguration;
			buildSettings = {
				ASSETCATALOG_COMPILER_APPICON_NAME = AppIcon;
				ASSETCATALOG_COMPILER_GLOBAL_ACCENT_COLOR_NAME = AccentColor;
				CODE_SIGN_STYLE = Automatic;
				CURRENT_PROJECT_VERSION = 1;
				DEVELOPMENT_ASSET_PATHS = "\"Roshambo/Preview Content\"";
				DEVELOPMENT_TEAM = 95HZ6ANQ29;
				ENABLE_PREVIEWS = YES;
				GENERATE_INFOPLIST_FILE = YES;
				INFOPLIST_KEY_UIApplicationSceneManifest_Generation = YES;
				INFOPLIST_KEY_UIApplicationSupportsIndirectInputEvents = YES;
				INFOPLIST_KEY_UILaunchScreen_Generation = YES;
				INFOPLIST_KEY_UISupportedInterfaceOrientations_iPad = "UIInterfaceOrientationPortrait UIInterfaceOrientationPortraitUpsideDown UIInterfaceOrientationLandscapeLeft UIInterfaceOrientationLandscapeRight";
				INFOPLIST_KEY_UISupportedInterfaceOrientations_iPhone = "UIInterfaceOrientationPortrait UIInterfaceOrientationLandscapeLeft UIInterfaceOrientationLandscapeRight";
				LD_RUNPATH_SEARCH_PATHS = (
					"$(inherited)",
					"@executable_path/Frameworks",
				);
				MARKETING_VERSION = 1.0;
				PRODUCT_BUNDLE_IDENTIFIER = com.lucasnpc.Roshambo;
				PRODUCT_NAME = "$(TARGET_NAME)";
				SWIFT_EMIT_LOC_STRINGS = YES;
				SWIFT_VERSION = 5.0;
				TARGETED_DEVICE_FAMILY = "1,2";
			};
			name = Release;
		};
		6948697B2B3A7B040058FC8C /* Debug */ = {
			isa = XCBuildConfiguration;
			buildSettings = {
				ALWAYS_EMBED_SWIFT_STANDARD_LIBRARIES = YES;
				BUNDLE_LOADER = "$(TEST_HOST)";
				CODE_SIGN_STYLE = Automatic;
				CURRENT_PROJECT_VERSION = 1;
				DEVELOPMENT_TEAM = 95HZ6ANQ29;
				GENERATE_INFOPLIST_FILE = YES;
				IPHONEOS_DEPLOYMENT_TARGET = 17.2;
				MARKETING_VERSION = 1.0;
				PRODUCT_BUNDLE_IDENTIFIER = com.lucasnpc.RoshamboTests;
				PRODUCT_NAME = "$(TARGET_NAME)";
				SWIFT_EMIT_LOC_STRINGS = NO;
				SWIFT_VERSION = 5.0;
				TARGETED_DEVICE_FAMILY = "1,2";
				TEST_HOST = "$(BUILT_PRODUCTS_DIR)/Roshambo.app/$(BUNDLE_EXECUTABLE_FOLDER_PATH)/Roshambo";
			};
			name = Debug;
		};
		6948697C2B3A7B040058FC8C /* Release */ = {
			isa = XCBuildConfiguration;
			buildSettings = {
				ALWAYS_EMBED_SWIFT_STANDARD_LIBRARIES = YES;
				BUNDLE_LOADER = "$(TEST_HOST)";
				CODE_SIGN_STYLE = Automatic;
				CURRENT_PROJECT_VERSION = 1;
				DEVELOPMENT_TEAM = 95HZ6ANQ29;
				GENERATE_INFOPLIST_FILE = YES;
				IPHONEOS_DEPLOYMENT_TARGET = 17.2;
				MARKETING_VERSION = 1.0;
				PRODUCT_BUNDLE_IDENTIFIER = com.lucasnpc.RoshamboTests;
				PRODUCT_NAME = "$(TARGET_NAME)";
				SWIFT_EMIT_LOC_STRINGS = NO;
				SWIFT_VERSION = 5.0;
				TARGETED_DEVICE_FAMILY = "1,2";
				TEST_HOST = "$(BUILT_PRODUCTS_DIR)/Roshambo.app/$(BUNDLE_EXECUTABLE_FOLDER_PATH)/Roshambo";
			};
			name = Release;
		};
		6948697E2B3A7B040058FC8C /* Debug */ = {
			isa = XCBuildConfiguration;
			buildSettings = {
				ALWAYS_EMBED_SWIFT_STANDARD_LIBRARIES = YES;
				CODE_SIGN_STYLE = Automatic;
				CURRENT_PROJECT_VERSION = 1;
				DEVELOPMENT_TEAM = 95HZ6ANQ29;
				GENERATE_INFOPLIST_FILE = YES;
				MARKETING_VERSION = 1.0;
				PRODUCT_BUNDLE_IDENTIFIER = com.lucasnpc.RoshamboUITests;
				PRODUCT_NAME = "$(TARGET_NAME)";
				SWIFT_EMIT_LOC_STRINGS = NO;
				SWIFT_VERSION = 5.0;
				TARGETED_DEVICE_FAMILY = "1,2";
				TEST_TARGET_NAME = Roshambo;
			};
			name = Debug;
		};
		6948697F2B3A7B040058FC8C /* Release */ = {
			isa = XCBuildConfiguration;
			buildSettings = {
				ALWAYS_EMBED_SWIFT_STANDARD_LIBRARIES = YES;
				CODE_SIGN_STYLE = Automatic;
				CURRENT_PROJECT_VERSION = 1;
				DEVELOPMENT_TEAM = 95HZ6ANQ29;
				GENERATE_INFOPLIST_FILE = YES;
				MARKETING_VERSION = 1.0;
				PRODUCT_BUNDLE_IDENTIFIER = com.lucasnpc.RoshamboUITests;
				PRODUCT_NAME = "$(TARGET_NAME)";
				SWIFT_EMIT_LOC_STRINGS = NO;
				SWIFT_VERSION = 5.0;
				TARGETED_DEVICE_FAMILY = "1,2";
				TEST_TARGET_NAME = Roshambo;
			};
			name = Release;
		};
/* End XCBuildConfiguration section */

/* Begin XCConfigurationList section */
		6948694E2B3A7B020058FC8C /* Build configuration list for PBXProject "Roshambo" */ = {
			isa = XCConfigurationList;
			buildConfigurations = (
				694869752B3A7B040058FC8C /* Debug */,
				694869762B3A7B040058FC8C /* Release */,
			);
			defaultConfigurationIsVisible = 0;
			defaultConfigurationName = Release;
		};
		694869772B3A7B040058FC8C /* Build configuration list for PBXNativeTarget "Roshambo" */ = {
			isa = XCConfigurationList;
			buildConfigurations = (
				694869782B3A7B040058FC8C /* Debug */,
				694869792B3A7B040058FC8C /* Release */,
			);
			defaultConfigurationIsVisible = 0;
			defaultConfigurationName = Release;
		};
		6948697A2B3A7B040058FC8C /* Build configuration list for PBXNativeTarget "RoshamboTests" */ = {
			isa = XCConfigurationList;
			buildConfigurations = (
				6948697B2B3A7B040058FC8C /* Debug */,
				6948697C2B3A7B040058FC8C /* Release */,
			);
			defaultConfigurationIsVisible = 0;
			defaultConfigurationName = Release;
		};
		6948697D2B3A7B040058FC8C /* Build configuration list for PBXNativeTarget "RoshamboUITests" */ = {
			isa = XCConfigurationList;
			buildConfigurations = (
				6948697E2B3A7B040058FC8C /* Debug */,
				6948697F2B3A7B040058FC8C /* Release */,
			);
			defaultConfigurationIsVisible = 0;
			defaultConfigurationName = Release;
		};
/* End XCConfigurationList section */
	};
	rootObject = 6948694B2B3A7B020058FC8C /* Project object */;
}
